
Microsoft Visual Studio Solution File, Format Version 12.00
# Visual Studio 15
VisualStudioVersion = 15.0.27703.2018
MinimumVisualStudioVersion = 10.0.40219.1
Project("{2150E333-8FDC-42A3-9474-1A3956D46DE8}") = "01 - Singleton", "01 - Singleton", "{0B3DF79C-0B70-461C-B1F5-1B3BF7E4F17F}"
EndProject
Project("{9A19103F-16F7-4668-BE54-9A1E7A4F7556}") = "Singleton", "Singleton\Singleton.csproj", "{3FB53468-D1F8-4043-BE98-C2945F2A9066}"
EndProject
Project("{2150E333-8FDC-42A3-9474-1A3956D46DE8}") = "02 - FactoryMethod", "02 - FactoryMethod", "{2D40290F-5A99-42D5-8B2C-303E72F3D8CE}"
EndProject
Project("{9A19103F-16F7-4668-BE54-9A1E7A4F7556}") = "FactoryMethod", "FactoryMethod\FactoryMethod.csproj", "{6951F289-4EA1-413E-8C51-709CB7E17427}"
EndProject
Project("{2150E333-8FDC-42A3-9474-1A3956D46DE8}") = "03 - AbstractFactory", "03 - AbstractFactory", "{D5C1B64B-9736-424E-BA08-0DDF6AD50D00}"
EndProject
Project("{9A19103F-16F7-4668-BE54-9A1E7A4F7556}") = "AbstractFactory", "AbstractFactory\AbstractFactory.csproj", "{6BBC3D70-80A7-4C92-8310-0B6CB0A362D1}"
EndProject
Project("{2150E333-8FDC-42A3-9474-1A3956D46DE8}") = "04 - Builder", "04 - Builder", "{7B8FA381-8992-4385-844F-9F2E79ABFF37}"
EndProject
Project("{9A19103F-16F7-4668-BE54-9A1E7A4F7556}") = "Builder", "Builder\Builder.csproj", "{A10D118A-5D4F-499D-9CA6-B82CECAB15B9}"
EndProject
Project("{2150E333-8FDC-42A3-9474-1A3956D46DE8}") = "05 - Prototype", "05 - Prototype", "{CB719963-367D-4872-9FB9-2C487C8C8EC6}"
EndProject
Project("{9A19103F-16F7-4668-BE54-9A1E7A4F7556}") = "Prototype", "Prototype\Prototype.csproj", "{A4DF135D-D8EE-402A-9DB8-ABE5E2E1D0D8}"
EndProject
Project("{2150E333-8FDC-42A3-9474-1A3956D46DE8}") = "06 - Bridge", "06 - Bridge", "{83297A5C-9718-483F-9262-B941F8768756}"
EndProject
Project("{9A19103F-16F7-4668-BE54-9A1E7A4F7556}") = "Bridge", "Bridge\Bridge.csproj", "{25A92958-35C9-4ADB-A9DE-7989E60C0019}"
EndProject
Project("{2150E333-8FDC-42A3-9474-1A3956D46DE8}") = "07 - Adapter", "07 - Adapter", "{82EAE651-7407-4A42-B124-E171AA711A3B}"
EndProject
Project("{FAE04EC0-301F-11D3-BF4B-00C04F79EFBC}") = "Adapter", "Adapter\Adapter.csproj", "{97F1D8D8-3466-4579-99DC-643BF5158A77}"
EndProject
Global
	GlobalSection(SolutionConfigurationPlatforms) = preSolution
		Debug|Any CPU = Debug|Any CPU
		Release|Any CPU = Release|Any CPU
	EndGlobalSection
	GlobalSection(ProjectConfigurationPlatforms) = postSolution
		{3FB53468-D1F8-4043-BE98-C2945F2A9066}.Debug|Any CPU.ActiveCfg = Debug|Any CPU
		{3FB53468-D1F8-4043-BE98-C2945F2A9066}.Debug|Any CPU.Build.0 = Debug|Any CPU
		{3FB53468-D1F8-4043-BE98-C2945F2A9066}.Release|Any CPU.ActiveCfg = Release|Any CPU
		{3FB53468-D1F8-4043-BE98-C2945F2A9066}.Release|Any CPU.Build.0 = Release|Any CPU
		{6951F289-4EA1-413E-8C51-709CB7E17427}.Debug|Any CPU.ActiveCfg = Debug|Any CPU
		{6951F289-4EA1-413E-8C51-709CB7E17427}.Debug|Any CPU.Build.0 = Debug|Any CPU
		{6951F289-4EA1-413E-8C51-709CB7E17427}.Release|Any CPU.ActiveCfg = Release|Any CPU
		{6951F289-4EA1-413E-8C51-709CB7E17427}.Release|Any CPU.Build.0 = Release|Any CPU
		{6BBC3D70-80A7-4C92-8310-0B6CB0A362D1}.Debug|Any CPU.ActiveCfg = Debug|Any CPU
		{6BBC3D70-80A7-4C92-8310-0B6CB0A362D1}.Debug|Any CPU.Build.0 = Debug|Any CPU
		{6BBC3D70-80A7-4C92-8310-0B6CB0A362D1}.Release|Any CPU.ActiveCfg = Release|Any CPU
		{6BBC3D70-80A7-4C92-8310-0B6CB0A362D1}.Release|Any CPU.Build.0 = Release|Any CPU
		{A10D118A-5D4F-499D-9CA6-B82CECAB15B9}.Debug|Any CPU.ActiveCfg = Debug|Any CPU
		{A10D118A-5D4F-499D-9CA6-B82CECAB15B9}.Debug|Any CPU.Build.0 = Debug|Any CPU
		{A10D118A-5D4F-499D-9CA6-B82CECAB15B9}.Release|Any CPU.ActiveCfg = Release|Any CPU
		{A10D118A-5D4F-499D-9CA6-B82CECAB15B9}.Release|Any CPU.Build.0 = Release|Any CPU
		{A4DF135D-D8EE-402A-9DB8-ABE5E2E1D0D8}.Debug|Any CPU.ActiveCfg = Debug|Any CPU
		{A4DF135D-D8EE-402A-9DB8-ABE5E2E1D0D8}.Debug|Any CPU.Build.0 = Debug|Any CPU
		{A4DF135D-D8EE-402A-9DB8-ABE5E2E1D0D8}.Release|Any CPU.ActiveCfg = Release|Any CPU
		{A4DF135D-D8EE-402A-9DB8-ABE5E2E1D0D8}.Release|Any CPU.Build.0 = Release|Any CPU
		{25A92958-35C9-4ADB-A9DE-7989E60C0019}.Debug|Any CPU.ActiveCfg = Debug|Any CPU
		{25A92958-35C9-4ADB-A9DE-7989E60C0019}.Debug|Any CPU.Build.0 = Debug|Any CPU
		{25A92958-35C9-4ADB-A9DE-7989E60C0019}.Release|Any CPU.ActiveCfg = Release|Any CPU
		{25A92958-35C9-4ADB-A9DE-7989E60C0019}.Release|Any CPU.Build.0 = Release|Any CPU
		{97F1D8D8-3466-4579-99DC-643BF5158A77}.Debug|Any CPU.ActiveCfg = Debug|Any CPU
		{97F1D8D8-3466-4579-99DC-643BF5158A77}.Debug|Any CPU.Build.0 = Debug|Any CPU
		{97F1D8D8-3466-4579-99DC-643BF5158A77}.Release|Any CPU.ActiveCfg = Release|Any CPU
		{97F1D8D8-3466-4579-99DC-643BF5158A77}.Release|Any CPU.Build.0 = Release|Any CPU
	EndGlobalSection
	GlobalSection(SolutionProperties) = preSolution
		HideSolutionNode = FALSE
	EndGlobalSection
	GlobalSection(NestedProjects) = preSolution
		{3FB53468-D1F8-4043-BE98-C2945F2A9066} = {0B3DF79C-0B70-461C-B1F5-1B3BF7E4F17F}
		{6951F289-4EA1-413E-8C51-709CB7E17427} = {2D40290F-5A99-42D5-8B2C-303E72F3D8CE}
		{6BBC3D70-80A7-4C92-8310-0B6CB0A362D1} = {D5C1B64B-9736-424E-BA08-0DDF6AD50D00}
		{A10D118A-5D4F-499D-9CA6-B82CECAB15B9} = {7B8FA381-8992-4385-844F-9F2E79ABFF37}
		{A4DF135D-D8EE-402A-9DB8-ABE5E2E1D0D8} = {CB719963-367D-4872-9FB9-2C487C8C8EC6}
		{25A92958-35C9-4ADB-A9DE-7989E60C0019} = {83297A5C-9718-483F-9262-B941F8768756}
		{97F1D8D8-3466-4579-99DC-643BF5158A77} = {82EAE651-7407-4A42-B124-E171AA711A3B}
	EndGlobalSection
	GlobalSection(ExtensibilityGlobals) = postSolution
		SolutionGuid = {C9BE5EBA-50B4-4BF4-8022-9E5F88D8A9A7}
	EndGlobalSection
EndGlobal
