
Microsoft Visual Studio Solution File, Format Version 12.00
# Visual Studio 15
VisualStudioVersion = 15.0.27703.2018
MinimumVisualStudioVersion = 10.0.40219.1
Project("{2150E333-8FDC-42A3-9474-1A3956D46DE8}") = "01 - Singleton", "01 - Singleton", "{0B3DF79C-0B70-461C-B1F5-1B3BF7E4F17F}"
EndProject
Project("{9A19103F-16F7-4668-BE54-9A1E7A4F7556}") = "Singleton", "Singleton\Singleton.csproj", "{3FB53468-D1F8-4043-BE98-C2945F2A9066}"
EndProject
Project("{2150E333-8FDC-42A3-9474-1A3956D46DE8}") = "02 - FactoryMethod", "02 - FactoryMethod", "{2D40290F-5A99-42D5-8B2C-303E72F3D8CE}"
EndProject
Project("{9A19103F-16F7-4668-BE54-9A1E7A4F7556}") = "FactoryMethod", "FactoryMethod\FactoryMethod.csproj", "{6951F289-4EA1-413E-8C51-709CB7E17427}"
EndProject
Project("{2150E333-8FDC-42A3-9474-1A3956D46DE8}") = "03 - AbstractFactory", "03 - AbstractFactory", "{D5C1B64B-9736-424E-BA08-0DDF6AD50D00}"
EndProject
Project("{9A19103F-16F7-4668-BE54-9A1E7A4F7556}") = "AbstractFactory", "AbstractFactory\AbstractFactory.csproj", "{6BBC3D70-80A7-4C92-8310-0B6CB0A362D1}"
EndProject
Project("{2150E333-8FDC-42A3-9474-1A3956D46DE8}") = "04 - Builder", "04 - Builder", "{7B8FA381-8992-4385-844F-9F2E79ABFF37}"
EndProject
Project("{9A19103F-16F7-4668-BE54-9A1E7A4F7556}") = "Builder", "Builder\Builder.csproj", "{A10D118A-5D4F-499D-9CA6-B82CECAB15B9}"
EndProject
Project("{2150E333-8FDC-42A3-9474-1A3956D46DE8}") = "05 - Prototype", "05 - Prototype", "{CB719963-367D-4872-9FB9-2C487C8C8EC6}"
EndProject
Project("{9A19103F-16F7-4668-BE54-9A1E7A4F7556}") = "Prototype", "Prototype\Prototype.csproj", "{A4DF135D-D8EE-402A-9DB8-ABE5E2E1D0D8}"
EndProject
Project("{2150E333-8FDC-42A3-9474-1A3956D46DE8}") = "06 - Bridge", "06 - Bridge", "{83297A5C-9718-483F-9262-B941F8768756}"
EndProject
Project("{9A19103F-16F7-4668-BE54-9A1E7A4F7556}") = "Bridge", "Bridge\Bridge.csproj", "{25A92958-35C9-4ADB-A9DE-7989E60C0019}"
EndProject
Project("{2150E333-8FDC-42A3-9474-1A3956D46DE8}") = "07 - Adapter", "07 - Adapter", "{82EAE651-7407-4A42-B124-E171AA711A3B}"
EndProject
Project("{9A19103F-16F7-4668-BE54-9A1E7A4F7556}") = "Adapter", "Adapter\Adapter.csproj", "{97F1D8D8-3466-4579-99DC-643BF5158A77}"
EndProject
Project("{2150E333-8FDC-42A3-9474-1A3956D46DE8}") = "08 - Proxy", "08 - Proxy", "{5008B0D6-8C83-4430-AE1D-E9B0CE139A95}"
EndProject
Project("{9A19103F-16F7-4668-BE54-9A1E7A4F7556}") = "Proxy", "Proxy\Proxy.csproj", "{CE799D79-920A-4DAF-BFF2-0C5E7D209B2E}"
EndProject
Project("{2150E333-8FDC-42A3-9474-1A3956D46DE8}") = "09 - Decorator", "09 - Decorator", "{01FB6E17-D07A-4113-BF26-889369FC51EC}"
EndProject
Project("{9A19103F-16F7-4668-BE54-9A1E7A4F7556}") = "Decorator", "Decorator\Decorator.csproj", "{C310233E-04D3-4CD1-A1E2-DF713722A9D3}"
EndProject
Project("{2150E333-8FDC-42A3-9474-1A3956D46DE8}") = "10 - Composite", "10 - Composite", "{1766A9D7-A157-4403-A632-A16059642BA4}"
EndProject
Project("{9A19103F-16F7-4668-BE54-9A1E7A4F7556}") = "Composite", "Composite\Composite.csproj", "{E0D07E3D-3E41-4AB1-9871-40570F7B9E67}"
EndProject
Project("{2150E333-8FDC-42A3-9474-1A3956D46DE8}") = "11 - Facade", "11 - Facade", "{2F173F8E-CE08-4775-BE7E-83B4656A7177}"
EndProject
Project("{9A19103F-16F7-4668-BE54-9A1E7A4F7556}") = "Facade", "Facade\Facade.csproj", "{B2814D95-3997-4794-80A3-48506E50D878}"
EndProject
Project("{2150E333-8FDC-42A3-9474-1A3956D46DE8}") = "12 - Flyweight", "12 - Flyweight", "{A8EE3FF6-183A-4D84-9AF9-2878E7155C74}"
EndProject
Project("{9A19103F-16F7-4668-BE54-9A1E7A4F7556}") = "Flyweight", "Flyweight\Flyweight.csproj", "{D4C7D018-9A8C-4CB1-8C96-8877E4086DE6}"
EndProject
Project("{2150E333-8FDC-42A3-9474-1A3956D46DE8}") = "13 - Command", "13 - Command", "{94E03408-5A14-462A-80CC-DA7535EE0105}"
EndProject
Project("{9A19103F-16F7-4668-BE54-9A1E7A4F7556}") = "Command", "Command\Command.csproj", "{A884ED12-983F-4149-9C3F-5C056834B9C0}"
EndProject
Project("{2150E333-8FDC-42A3-9474-1A3956D46DE8}") = "14 - Strategy", "14 - Strategy", "{45523552-EBCE-4A8E-AF7C-5E9D1FDBB529}"
EndProject
Project("{9A19103F-16F7-4668-BE54-9A1E7A4F7556}") = "Strategy", "Strategy\Strategy.csproj", "{B8B18031-A1F9-4089-ADBF-B59BD20A95CC}"
EndProject
Project("{2150E333-8FDC-42A3-9474-1A3956D46DE8}") = "15 - State", "15 - State", "{E376D5A1-AE11-4097-A96B-F26691CF3305}"
EndProject
Project("{9A19103F-16F7-4668-BE54-9A1E7A4F7556}") = "State", "State\State.csproj", "{09F8CA1E-617B-4CA2-9F40-F19DBB728118}"
EndProject
Project("{2150E333-8FDC-42A3-9474-1A3956D46DE8}") = "16 - Observer", "16 - Observer", "{8FC92DE3-C257-430A-834B-EC7EDCC66371}"
EndProject
Project("{FAE04EC0-301F-11D3-BF4B-00C04F79EFBC}") = "Observer", "Observer\Observer.csproj", "{164EF9E4-3462-424E-B68D-DF59801DF415}"
EndProject
Global
	GlobalSection(SolutionConfigurationPlatforms) = preSolution
		Debug|Any CPU = Debug|Any CPU
		Release|Any CPU = Release|Any CPU
	EndGlobalSection
	GlobalSection(ProjectConfigurationPlatforms) = postSolution
		{3FB53468-D1F8-4043-BE98-C2945F2A9066}.Debug|Any CPU.ActiveCfg = Debug|Any CPU
		{3FB53468-D1F8-4043-BE98-C2945F2A9066}.Debug|Any CPU.Build.0 = Debug|Any CPU
		{3FB53468-D1F8-4043-BE98-C2945F2A9066}.Release|Any CPU.ActiveCfg = Release|Any CPU
		{3FB53468-D1F8-4043-BE98-C2945F2A9066}.Release|Any CPU.Build.0 = Release|Any CPU
		{6951F289-4EA1-413E-8C51-709CB7E17427}.Debug|Any CPU.ActiveCfg = Debug|Any CPU
		{6951F289-4EA1-413E-8C51-709CB7E17427}.Debug|Any CPU.Build.0 = Debug|Any CPU
		{6951F289-4EA1-413E-8C51-709CB7E17427}.Release|Any CPU.ActiveCfg = Release|Any CPU
		{6951F289-4EA1-413E-8C51-709CB7E17427}.Release|Any CPU.Build.0 = Release|Any CPU
		{6BBC3D70-80A7-4C92-8310-0B6CB0A362D1}.Debug|Any CPU.ActiveCfg = Debug|Any CPU
		{6BBC3D70-80A7-4C92-8310-0B6CB0A362D1}.Debug|Any CPU.Build.0 = Debug|Any CPU
		{6BBC3D70-80A7-4C92-8310-0B6CB0A362D1}.Release|Any CPU.ActiveCfg = Release|Any CPU
		{6BBC3D70-80A7-4C92-8310-0B6CB0A362D1}.Release|Any CPU.Build.0 = Release|Any CPU
		{A10D118A-5D4F-499D-9CA6-B82CECAB15B9}.Debug|Any CPU.ActiveCfg = Debug|Any CPU
		{A10D118A-5D4F-499D-9CA6-B82CECAB15B9}.Debug|Any CPU.Build.0 = Debug|Any CPU
		{A10D118A-5D4F-499D-9CA6-B82CECAB15B9}.Release|Any CPU.ActiveCfg = Release|Any CPU
		{A10D118A-5D4F-499D-9CA6-B82CECAB15B9}.Release|Any CPU.Build.0 = Release|Any CPU
		{A4DF135D-D8EE-402A-9DB8-ABE5E2E1D0D8}.Debug|Any CPU.ActiveCfg = Debug|Any CPU
		{A4DF135D-D8EE-402A-9DB8-ABE5E2E1D0D8}.Debug|Any CPU.Build.0 = Debug|Any CPU
		{A4DF135D-D8EE-402A-9DB8-ABE5E2E1D0D8}.Release|Any CPU.ActiveCfg = Release|Any CPU
		{A4DF135D-D8EE-402A-9DB8-ABE5E2E1D0D8}.Release|Any CPU.Build.0 = Release|Any CPU
		{25A92958-35C9-4ADB-A9DE-7989E60C0019}.Debug|Any CPU.ActiveCfg = Debug|Any CPU
		{25A92958-35C9-4ADB-A9DE-7989E60C0019}.Debug|Any CPU.Build.0 = Debug|Any CPU
		{25A92958-35C9-4ADB-A9DE-7989E60C0019}.Release|Any CPU.ActiveCfg = Release|Any CPU
		{25A92958-35C9-4ADB-A9DE-7989E60C0019}.Release|Any CPU.Build.0 = Release|Any CPU
		{97F1D8D8-3466-4579-99DC-643BF5158A77}.Debug|Any CPU.ActiveCfg = Debug|Any CPU
		{97F1D8D8-3466-4579-99DC-643BF5158A77}.Debug|Any CPU.Build.0 = Debug|Any CPU
		{97F1D8D8-3466-4579-99DC-643BF5158A77}.Release|Any CPU.ActiveCfg = Release|Any CPU
		{97F1D8D8-3466-4579-99DC-643BF5158A77}.Release|Any CPU.Build.0 = Release|Any CPU
		{CE799D79-920A-4DAF-BFF2-0C5E7D209B2E}.Debug|Any CPU.ActiveCfg = Debug|Any CPU
		{CE799D79-920A-4DAF-BFF2-0C5E7D209B2E}.Debug|Any CPU.Build.0 = Debug|Any CPU
		{CE799D79-920A-4DAF-BFF2-0C5E7D209B2E}.Release|Any CPU.ActiveCfg = Release|Any CPU
		{CE799D79-920A-4DAF-BFF2-0C5E7D209B2E}.Release|Any CPU.Build.0 = Release|Any CPU
		{C310233E-04D3-4CD1-A1E2-DF713722A9D3}.Debug|Any CPU.ActiveCfg = Debug|Any CPU
		{C310233E-04D3-4CD1-A1E2-DF713722A9D3}.Debug|Any CPU.Build.0 = Debug|Any CPU
		{C310233E-04D3-4CD1-A1E2-DF713722A9D3}.Release|Any CPU.ActiveCfg = Release|Any CPU
		{C310233E-04D3-4CD1-A1E2-DF713722A9D3}.Release|Any CPU.Build.0 = Release|Any CPU
		{E0D07E3D-3E41-4AB1-9871-40570F7B9E67}.Debug|Any CPU.ActiveCfg = Debug|Any CPU
		{E0D07E3D-3E41-4AB1-9871-40570F7B9E67}.Debug|Any CPU.Build.0 = Debug|Any CPU
		{E0D07E3D-3E41-4AB1-9871-40570F7B9E67}.Release|Any CPU.ActiveCfg = Release|Any CPU
		{E0D07E3D-3E41-4AB1-9871-40570F7B9E67}.Release|Any CPU.Build.0 = Release|Any CPU
		{B2814D95-3997-4794-80A3-48506E50D878}.Debug|Any CPU.ActiveCfg = Debug|Any CPU
		{B2814D95-3997-4794-80A3-48506E50D878}.Debug|Any CPU.Build.0 = Debug|Any CPU
		{B2814D95-3997-4794-80A3-48506E50D878}.Release|Any CPU.ActiveCfg = Release|Any CPU
		{B2814D95-3997-4794-80A3-48506E50D878}.Release|Any CPU.Build.0 = Release|Any CPU
		{D4C7D018-9A8C-4CB1-8C96-8877E4086DE6}.Debug|Any CPU.ActiveCfg = Debug|Any CPU
		{D4C7D018-9A8C-4CB1-8C96-8877E4086DE6}.Debug|Any CPU.Build.0 = Debug|Any CPU
		{D4C7D018-9A8C-4CB1-8C96-8877E4086DE6}.Release|Any CPU.ActiveCfg = Release|Any CPU
		{D4C7D018-9A8C-4CB1-8C96-8877E4086DE6}.Release|Any CPU.Build.0 = Release|Any CPU
		{A884ED12-983F-4149-9C3F-5C056834B9C0}.Debug|Any CPU.ActiveCfg = Debug|Any CPU
		{A884ED12-983F-4149-9C3F-5C056834B9C0}.Debug|Any CPU.Build.0 = Debug|Any CPU
		{A884ED12-983F-4149-9C3F-5C056834B9C0}.Release|Any CPU.ActiveCfg = Release|Any CPU
		{A884ED12-983F-4149-9C3F-5C056834B9C0}.Release|Any CPU.Build.0 = Release|Any CPU
		{B8B18031-A1F9-4089-ADBF-B59BD20A95CC}.Debug|Any CPU.ActiveCfg = Debug|Any CPU
		{B8B18031-A1F9-4089-ADBF-B59BD20A95CC}.Debug|Any CPU.Build.0 = Debug|Any CPU
		{B8B18031-A1F9-4089-ADBF-B59BD20A95CC}.Release|Any CPU.ActiveCfg = Release|Any CPU
		{B8B18031-A1F9-4089-ADBF-B59BD20A95CC}.Release|Any CPU.Build.0 = Release|Any CPU
		{09F8CA1E-617B-4CA2-9F40-F19DBB728118}.Debug|Any CPU.ActiveCfg = Debug|Any CPU
		{09F8CA1E-617B-4CA2-9F40-F19DBB728118}.Debug|Any CPU.Build.0 = Debug|Any CPU
		{09F8CA1E-617B-4CA2-9F40-F19DBB728118}.Release|Any CPU.ActiveCfg = Release|Any CPU
		{09F8CA1E-617B-4CA2-9F40-F19DBB728118}.Release|Any CPU.Build.0 = Release|Any CPU
		{164EF9E4-3462-424E-B68D-DF59801DF415}.Debug|Any CPU.ActiveCfg = Debug|Any CPU
		{164EF9E4-3462-424E-B68D-DF59801DF415}.Debug|Any CPU.Build.0 = Debug|Any CPU
		{164EF9E4-3462-424E-B68D-DF59801DF415}.Release|Any CPU.ActiveCfg = Release|Any CPU
		{164EF9E4-3462-424E-B68D-DF59801DF415}.Release|Any CPU.Build.0 = Release|Any CPU
	EndGlobalSection
	GlobalSection(SolutionProperties) = preSolution
		HideSolutionNode = FALSE
	EndGlobalSection
	GlobalSection(NestedProjects) = preSolution
		{3FB53468-D1F8-4043-BE98-C2945F2A9066} = {0B3DF79C-0B70-461C-B1F5-1B3BF7E4F17F}
		{6951F289-4EA1-413E-8C51-709CB7E17427} = {2D40290F-5A99-42D5-8B2C-303E72F3D8CE}
		{6BBC3D70-80A7-4C92-8310-0B6CB0A362D1} = {D5C1B64B-9736-424E-BA08-0DDF6AD50D00}
		{A10D118A-5D4F-499D-9CA6-B82CECAB15B9} = {7B8FA381-8992-4385-844F-9F2E79ABFF37}
		{A4DF135D-D8EE-402A-9DB8-ABE5E2E1D0D8} = {CB719963-367D-4872-9FB9-2C487C8C8EC6}
		{25A92958-35C9-4ADB-A9DE-7989E60C0019} = {83297A5C-9718-483F-9262-B941F8768756}
		{97F1D8D8-3466-4579-99DC-643BF5158A77} = {82EAE651-7407-4A42-B124-E171AA711A3B}
		{CE799D79-920A-4DAF-BFF2-0C5E7D209B2E} = {5008B0D6-8C83-4430-AE1D-E9B0CE139A95}
		{C310233E-04D3-4CD1-A1E2-DF713722A9D3} = {01FB6E17-D07A-4113-BF26-889369FC51EC}
		{E0D07E3D-3E41-4AB1-9871-40570F7B9E67} = {1766A9D7-A157-4403-A632-A16059642BA4}
		{B2814D95-3997-4794-80A3-48506E50D878} = {2F173F8E-CE08-4775-BE7E-83B4656A7177}
		{D4C7D018-9A8C-4CB1-8C96-8877E4086DE6} = {A8EE3FF6-183A-4D84-9AF9-2878E7155C74}
		{A884ED12-983F-4149-9C3F-5C056834B9C0} = {94E03408-5A14-462A-80CC-DA7535EE0105}
		{B8B18031-A1F9-4089-ADBF-B59BD20A95CC} = {45523552-EBCE-4A8E-AF7C-5E9D1FDBB529}
		{09F8CA1E-617B-4CA2-9F40-F19DBB728118} = {E376D5A1-AE11-4097-A96B-F26691CF3305}
		{164EF9E4-3462-424E-B68D-DF59801DF415} = {8FC92DE3-C257-430A-834B-EC7EDCC66371}
	EndGlobalSection
	GlobalSection(ExtensibilityGlobals) = postSolution
		SolutionGuid = {C9BE5EBA-50B4-4BF4-8022-9E5F88D8A9A7}
	EndGlobalSection
EndGlobal
